
Microsoft Visual Studio Solution File, Format Version 12.00
# Visual Studio 2012
Project("{FAE04EC0-301F-11D3-BF4B-00C04F79EFBC}") = "FlickrUploaderV0", "FlickrUploaderV0\FlickrUploaderV0.csproj", "{A42AF517-8C19-480C-8BD2-415A3438FB0B}"
EndProject
Global
	GlobalSection(SolutionConfigurationPlatforms) = preSolution
		Debug|Any CPU = Debug|Any CPU
		Release|Any CPU = Release|Any CPU
	EndGlobalSection
	GlobalSection(ProjectConfigurationPlatforms) = postSolution
		{A42AF517-8C19-480C-8BD2-415A3438FB0B}.Debug|Any CPU.ActiveCfg = Debug|Any CPU
		{A42AF517-8C19-480C-8BD2-415A3438FB0B}.Debug|Any CPU.Build.0 = Debug|Any CPU
		{A42AF517-8C19-480C-8BD2-415A3438FB0B}.Release|Any CPU.ActiveCfg = Release|Any CPU
		{A42AF517-8C19-480C-8BD2-415A3438FB0B}.Release|Any CPU.Build.0 = Release|Any CPU
	EndGlobalSection
	GlobalSection(SolutionProperties) = preSolution
		HideSolutionNode = FALSE
	EndGlobalSection
EndGlobal
